// !$*UTF8*$!
{
	archiveVersion = 1;
	classes = {
	};
	objectVersion = 50;
	objects = {

/* Begin PBXBuildFile section */
		BA4FF07124C7858E0002C2DB /* AppDelegate.swift in Sources */ = {isa = PBXBuildFile; fileRef = BA4FF07024C7858E0002C2DB /* AppDelegate.swift */; };
		BA4FF07324C7858E0002C2DB /* SceneDelegate.swift in Sources */ = {isa = PBXBuildFile; fileRef = BA4FF07224C7858E0002C2DB /* SceneDelegate.swift */; };
		BA4FF07524C7858E0002C2DB /* ContentView.swift in Sources */ = {isa = PBXBuildFile; fileRef = BA4FF07424C7858E0002C2DB /* ContentView.swift */; };
		BA4FF07724C785900002C2DB /* Assets.xcassets in Resources */ = {isa = PBXBuildFile; fileRef = BA4FF07624C785900002C2DB /* Assets.xcassets */; };
		BA4FF07A24C785900002C2DB /* Preview Assets.xcassets in Resources */ = {isa = PBXBuildFile; fileRef = BA4FF07924C785900002C2DB /* Preview Assets.xcassets */; };
		BA4FF07D24C785900002C2DB /* LaunchScreen.storyboard in Resources */ = {isa = PBXBuildFile; fileRef = BA4FF07B24C785900002C2DB /* LaunchScreen.storyboard */; };
/* End PBXBuildFile section */

/* Begin PBXFileReference section */
		BA4FF06D24C7858E0002C2DB /* TempChange.app */ = {isa = PBXFileReference; explicitFileType = wrapper.application; includeInIndex = 0; path = TempChange.app; sourceTree = BUILT_PRODUCTS_DIR; };
		BA4FF07024C7858E0002C2DB /* AppDelegate.swift */ = {isa = PBXFileReference; lastKnownFileType = sourcecode.swift; path = AppDelegate.swift; sourceTree = "<group>"; };
		BA4FF07224C7858E0002C2DB /* SceneDelegate.swift */ = {isa = PBXFileReference; lastKnownFileType = sourcecode.swift; path = SceneDelegate.swift; sourceTree = "<group>"; };
		BA4FF07424C7858E0002C2DB /* ContentView.swift */ = {isa = PBXFileReference; lastKnownFileType = sourcecode.swift; path = ContentView.swift; sourceTree = "<group>"; };
		BA4FF07624C785900002C2DB /* Assets.xcassets */ = {isa = PBXFileReference; lastKnownFileType = folder.assetcatalog; path = Assets.xcassets; sourceTree = "<group>"; };
		BA4FF07924C785900002C2DB /* Preview Assets.xcassets */ = {isa = PBXFileReference; lastKnownFileType = folder.assetcatalog; path = "Preview Assets.xcassets"; sourceTree = "<group>"; };
		BA4FF07C24C785900002C2DB /* Base */ = {isa = PBXFileReference; lastKnownFileType = file.storyboard; name = Base; path = Base.lproj/LaunchScreen.storyboard; sourceTree = "<group>"; };
		BA4FF07E24C785900002C2DB /* Info.plist */ = {isa = PBXFileReference; lastKnownFileType = text.plist.xml; path = Info.plist; sourceTree = "<group>"; };
/* End PBXFileReference section */

/* Begin PBXFrameworksBuildPhase section */
		BA4FF06A24C7858E0002C2DB /* Frameworks */ = {
			isa = PBXFrameworksBuildPhase;
			buildActionMask = 2147483647;
			files = (
			);
			runOnlyForDeploymentPostprocessing = 0;
		};
/* End PBXFrameworksBuildPhase section */

/* Begin PBXGroup section */
		BA4FF06424C7858E0002C2DB = {
			isa = PBXGroup;
			children = (
				BA4FF06F24C7858E0002C2DB /* TempChange */,
				BA4FF06E24C7858E0002C2DB /* Products */,
			);
			sourceTree = "<group>";
		};
		BA4FF06E24C7858E0002C2DB /* Products */ = {
			isa = PBXGroup;
			children = (
				BA4FF06D24C7858E0002C2DB /* TempChange.app */,
			);
			name = Products;
			sourceTree = "<group>";
		};
		BA4FF06F24C7858E0002C2DB /* TempChange */ = {
			isa = PBXGroup;
			children = (
				BA4FF07024C7858E0002C2DB /* AppDelegate.swift */,
				BA4FF07224C7858E0002C2DB /* SceneDelegate.swift */,
				BA4FF07424C7858E0002C2DB /* ContentView.swift */,
				BA4FF07624C785900002C2DB /* Assets.xcassets */,
				BA4FF07B24C785900002C2DB /* LaunchScreen.storyboard */,
				BA4FF07E24C785900002C2DB /* Info.plist */,
				BA4FF07824C785900002C2DB /* Preview Content */,
			);
			path = TempChange;
			sourceTree = "<group>";
		};
		BA4FF07824C785900002C2DB /* Preview Content */ = {
			isa = PBXGroup;
			children = (
				BA4FF07924C785900002C2DB /* Preview Assets.xcassets */,
			);
			path = "Preview Content";
			sourceTree = "<group>";
		};
/* End PBXGroup section */

/* Begin PBXNativeTarget section */
		BA4FF06C24C7858E0002C2DB /* TempChange */ = {
			isa = PBXNativeTarget;
			buildConfigurationList = BA4FF08124C785900002C2DB /* Build configuration list for PBXNativeTarget "TempChange" */;
			buildPhases = (
				BA4FF06924C7858E0002C2DB /* Sources */,
				BA4FF06A24C7858E0002C2DB /* Frameworks */,
				BA4FF06B24C7858E0002C2DB /* Resources */,
			);
			buildRules = (
			);
			dependencies = (
			);
			name = TempChange;
			productName = TempChange;
			productReference = BA4FF06D24C7858E0002C2DB /* TempChange.app */;
			productType = "com.apple.product-type.application";
		};
/* End PBXNativeTarget section */

/* Begin PBXProject section */
		BA4FF06524C7858E0002C2DB /* Project object */ = {
			isa = PBXProject;
			attributes = {
				LastSwiftUpdateCheck = 1160;
				LastUpgradeCheck = 1160;
				ORGANIZATIONNAME = "Gregory Nemo II";
				TargetAttributes = {
					BA4FF06C24C7858E0002C2DB = {
						CreatedOnToolsVersion = 11.6;
					};
				};
			};
			buildConfigurationList = BA4FF06824C7858E0002C2DB /* Build configuration list for PBXProject "TempChange" */;
			compatibilityVersion = "Xcode 9.3";
			developmentRegion = en;
			hasScannedForEncodings = 0;
			knownRegions = (
				en,
				Base,
			);
			mainGroup = BA4FF06424C7858E0002C2DB;
			productRefGroup = BA4FF06E24C7858E0002C2DB /* Products */;
			projectDirPath = "";
			projectRoot = "";
			targets = (
				BA4FF06C24C7858E0002C2DB /* TempChange */,
			);
		};
/* End PBXProject section */

/* Begin PBXResourcesBuildPhase section */
		BA4FF06B24C7858E0002C2DB /* Resources */ = {
			isa = PBXResourcesBuildPhase;
			buildActionMask = 2147483647;
			files = (
				BA4FF07D24C785900002C2DB /* LaunchScreen.storyboard in Resources */,
				BA4FF07A24C785900002C2DB /* Preview Assets.xcassets in Resources */,
				BA4FF07724C785900002C2DB /* Assets.xcassets in Resources */,
			);
			runOnlyForDeploymentPostprocessing = 0;
		};
/* End PBXResourcesBuildPhase section */

/* Begin PBXSourcesBuildPhase section */
		BA4FF06924C7858E0002C2DB /* Sources */ = {
			isa = PBXSourcesBuildPhase;
			buildActionMask = 2147483647;
			files = (
				BA4FF07124C7858E0002C2DB /* AppDelegate.swift in Sources */,
				BA4FF07324C7858E0002C2DB /* SceneDelegate.swift in Sources */,
				BA4FF07524C7858E0002C2DB /* ContentView.swift in Sources */,
			);
			runOnlyForDeploymentPostprocessing = 0;
		};
/* End PBXSourcesBuildPhase section */

/* Begin PBXVariantGroup section */
		BA4FF07B24C785900002C2DB /* LaunchScreen.storyboard */ = {
			isa = PBXVariantGroup;
			children = (
				BA4FF07C24C785900002C2DB /* Base */,
			);
			name = LaunchScreen.storyboard;
			sourceTree = "<group>";
		};
/* End PBXVariantGroup section */

/* Begin XCBuildConfiguration section */
		BA4FF07F24C785900002C2DB /* Debug */ = {
			isa = XCBuildConfiguration;
			buildSettings = {
				ALWAYS_SEARCH_USER_PATHS = NO;
				CLANG_ANALYZER_NONNULL = YES;
				CLANG_ANALYZER_NUMBER_OBJECT_CONVERSION = YES_AGGRESSIVE;
				CLANG_CXX_LANGUAGE_STANDARD = "gnu++14";
				CLANG_CXX_LIBRARY = "libc++";
				CLANG_ENABLE_MODULES = YES;
				CLANG_ENABLE_OBJC_ARC = YES;
				CLANG_ENABLE_OBJC_WEAK = YES;
				CLANG_WARN_BLOCK_CAPTURE_AUTORELEASING = YES;
				CLANG_WARN_BOOL_CONVERSION = YES;
				CLANG_WARN_COMMA = YES;
				CLANG_WARN_CONSTANT_CONVERSION = YES;
				CLANG_WARN_DEPRECATED_OBJC_IMPLEMENTATIONS = YES;
				CLANG_WARN_DIRECT_OBJC_ISA_USAGE = YES_ERROR;
				CLANG_WARN_DOCUMENTATION_COMMENTS = YES;
				CLANG_WARN_EMPTY_BODY = YES;
				CLANG_WARN_ENUM_CONVERSION = YES;
				CLANG_WARN_INFINITE_RECURSION = YES;
				CLANG_WARN_INT_CONVERSION = YES;
				CLANG_WARN_NON_LITERAL_NULL_CONVERSION = YES;
				CLANG_WARN_OBJC_IMPLICIT_RETAIN_SELF = YES;
				CLANG_WARN_OBJC_LITERAL_CONVERSION = YES;
				CLANG_WARN_OBJC_ROOT_CLASS = YES_ERROR;
				CLANG_WARN_RANGE_LOOP_ANALYSIS = YES;
				CLANG_WARN_STRICT_PROTOTYPES = YES;
				CLANG_WARN_SUSPICIOUS_MOVE = YES;
				CLANG_WARN_UNGUARDED_AVAILABILITY = YES_AGGRESSIVE;
				CLANG_WARN_UNREACHABLE_CODE = YES;
				CLANG_WARN__DUPLICATE_METHOD_MATCH = YES;
				COPY_PHASE_STRIP = NO;
				DEBUG_INFORMATION_FORMAT = dwarf;
				ENABLE_STRICT_OBJC_MSGSEND = YES;
				ENABLE_TESTABILITY = YES;
				GCC_C_LANGUAGE_STANDARD = gnu11;
				GCC_DYNAMIC_NO_PIC = NO;
				GCC_NO_COMMON_BLOCKS = YES;
				GCC_OPTIMIZATION_LEVEL = 0;
				GCC_PREPROCESSOR_DEFINITIONS = (
					"DEBUG=1",
					"$(inherited)",
				);
				GCC_WARN_64_TO_32_BIT_CONVERSION = YES;
				GCC_WARN_ABOUT_RETURN_TYPE = YES_ERROR;
				GCC_WARN_UNDECLARED_SELECTOR = YES;
				GCC_WARN_UNINITIALIZED_AUTOS = YES_AGGRESSIVE;
				GCC_WARN_UNUSED_FUNCTION = YES;
				GCC_WARN_UNUSED_VARIABLE = YES;
				IPHONEOS_DEPLOYMENT_TARGET = 13.6;
				MTL_ENABLE_DEBUG_INFO = INCLUDE_SOURCE;
				MTL_FAST_MATH = YES;
				ONLY_ACTIVE_ARCH = YES;
				SDKROOT = iphoneos;
				SWIFT_ACTIVE_COMPILATION_CONDITIONS = DEBUG;
				SWIFT_OPTIMIZATION_LEVEL = "-Onone";
			};
			name = Debug;
		};
		BA4FF08024C785900002C2DB /* Release */ = {
			isa = XCBuildConfiguration;
			buildSettings = {
				ALWAYS_SEARCH_USER_PATHS = NO;
				CLANG_ANALYZER_NONNULL = YES;
				CLANG_ANALYZER_NUMBER_OBJECT_CONVERSION = YES_AGGRESSIVE;
				CLANG_CXX_LANGUAGE_STANDARD = "gnu++14";
				CLANG_CXX_LIBRARY = "libc++";
				CLANG_ENABLE_MODULES = YES;
				CLANG_ENABLE_OBJC_ARC = YES;
				CLANG_ENABLE_OBJC_WEAK = YES;
				CLANG_WARN_BLOCK_CAPTURE_AUTORELEASING = YES;
				CLANG_WARN_BOOL_CONVERSION = YES;
				CLANG_WARN_COMMA = YES;
				CLANG_WARN_CONSTANT_CONVERSION = YES;
				CLANG_WARN_DEPRECATED_OBJC_IMPLEMENTATIONS = YES;
				CLANG_WARN_DIRECT_OBJC_ISA_USAGE = YES_ERROR;
				CLANG_WARN_DOCUMENTATION_COMMENTS = YES;
				CLANG_WARN_EMPTY_BODY = YES;
				CLANG_WARN_ENUM_CONVERSION = YES;
				CLANG_WARN_INFINITE_RECURSION = YES;
				CLANG_WARN_INT_CONVERSION = YES;
				CLANG_WARN_NON_LITERAL_NULL_CONVERSION = YES;
				CLANG_WARN_OBJC_IMPLICIT_RETAIN_SELF = YES;
				CLANG_WARN_OBJC_LITERAL_CONVERSION = YES;
				CLANG_WARN_OBJC_ROOT_CLASS = YES_ERROR;
				CLANG_WARN_RANGE_LOOP_ANALYSIS = YES;
				CLANG_WARN_STRICT_PROTOTYPES = YES;
				CLANG_WARN_SUSPICIOUS_MOVE = YES;
				CLANG_WARN_UNGUARDED_AVAILABILITY = YES_AGGRESSIVE;
				CLANG_WARN_UNREACHABLE_CODE = YES;
				CLANG_WARN__DUPLICATE_METHOD_MATCH = YES;
				COPY_PHASE_STRIP = NO;
				DEBUG_INFORMATION_FORMAT = "dwarf-with-dsym";
				ENABLE_NS_ASSERTIONS = NO;
				ENABLE_STRICT_OBJC_MSGSEND = YES;
				GCC_C_LANGUAGE_STANDARD = gnu11;
				GCC_NO_COMMON_BLOCKS = YES;
				GCC_WARN_64_TO_32_BIT_CONVERSION = YES;
				GCC_WARN_ABOUT_RETURN_TYPE = YES_ERROR;
				GCC_WARN_UNDECLARED_SELECTOR = YES;
				GCC_WARN_UNINITIALIZED_AUTOS = YES_AGGRESSIVE;
				GCC_WARN_UNUSED_FUNCTION = YES;
				GCC_WARN_UNUSED_VARIABLE = YES;
				IPHONEOS_DEPLOYMENT_TARGET = 13.6;
				MTL_ENABLE_DEBUG_INFO = NO;
				MTL_FAST_MATH = YES;
				SDKROOT = iphoneos;
				SWIFT_COMPILATION_MODE = wholemodule;
				SWIFT_OPTIMIZATION_LEVEL = "-O";
				VALIDATE_PRODUCT = YES;
			};
			name = Release;
		};
		BA4FF08224C785900002C2DB /* Debug */ = {
			isa = XCBuildConfiguration;
			buildSettings = {
				ASSETCATALOG_COMPILER_APPICON_NAME = AppIcon;
				CODE_SIGN_STYLE = Automatic;
				DEVELOPMENT_ASSET_PATHS = "\"TempChange/Preview Content\"";
				DEVELOPMENT_TEAM = 2A3TJLEUBT;
				ENABLE_PREVIEWS = YES;
				INFOPLIST_FILE = TempChange/Info.plist;
				LD_RUNPATH_SEARCH_PATHS = (
					"$(inherited)",
					"@executable_path/Frameworks",
				);
				PRODUCT_BUNDLE_IDENTIFIER = com.gregorynemo.TempChange;
				PRODUCT_NAME = "$(TARGET_NAME)";
				SWIFT_VERSION = 5.0;
				TARGETED_DEVICE_FAMILY = "1,2";
			};
			name = Debug;
		};
		BA4FF08324C785900002C2DB /* Release */ = {
			isa = XCBuildConfiguration;
			buildSettings = {
				ASSETCATALOG_COMPILER_APPICON_NAME = AppIcon;
				CODE_SIGN_STYLE = Automatic;
				DEVELOPMENT_ASSET_PATHS = "\"TempChange/Preview Content\"";
				DEVELOPMENT_TEAM = 2A3TJLEUBT;
				ENABLE_PREVIEWS = YES;
				INFOPLIST_FILE = TempChange/Info.plist;
				LD_RUNPATH_SEARCH_PATHS = (
					"$(inherited)",
					"@executable_path/Frameworks",
				);
				PRODUCT_BUNDLE_IDENTIFIER = com.gregorynemo.TempChange;
				PRODUCT_NAME = "$(TARGET_NAME)";
				SWIFT_VERSION = 5.0;
				TARGETED_DEVICE_FAMILY = "1,2";
			};
			name = Release;
		};
/* End XCBuildConfiguration section */

/* Begin XCConfigurationList section */
		BA4FF06824C7858E0002C2DB /* Build configuration list for PBXProject "TempChange" */ = {
			isa = XCConfigurationList;
			buildConfigurations = (
				BA4FF07F24C785900002C2DB /* Debug */,
				BA4FF08024C785900002C2DB /* Release */,
			);
			defaultConfigurationIsVisible = 0;
			defaultConfigurationName = Release;
		};
		BA4FF08124C785900002C2DB /* Build configuration list for PBXNativeTarget "TempChange" */ = {
			isa = XCConfigurationList;
			buildConfigurations = (
				BA4FF08224C785900002C2DB /* Debug */,
				BA4FF08324C785900002C2DB /* Release */,
			);
			defaultConfigurationIsVisible = 0;
			defaultConfigurationName = Release;
		};
/* End XCConfigurationList section */
	};
	rootObject = BA4FF06524C7858E0002C2DB /* Project object */;
}
